
Microsoft Visual Studio Solution File, Format Version 12.00
# Visual Studio Version 17
VisualStudioVersion = 17.10.35013.160
MinimumVisualStudioVersion = 10.0.40219.1
Project("{FAE04EC0-301F-11D3-BF4B-00C04F79EFBC}") = "CleanArchitecture.Web", "CleanArchitecture.Web\CleanArchitecture.Web.csproj", "{F2D26CA3-AEB1-45E2-A4CD-F1A0A4712490}"
EndProject
Project("{FAE04EC0-301F-11D3-BF4B-00C04F79EFBC}") = "CleanArchitecture.Domain", "CleanArchitecture.Domain\CleanArchitecture.Domain.csproj", "{B6E8A2AD-7D56-42F3-86C7-C78438D0A51F}"
EndProject
Project("{FAE04EC0-301F-11D3-BF4B-00C04F79EFBC}") = "CleanArchitecture.Infraestructure", "CleanArchitecture.Infraestructure\CleanArchitecture.Infraestructure.csproj", "{2150641A-A2AF-4587-9FC6-402623BA1020}"
EndProject
Project("{FAE04EC0-301F-11D3-BF4B-00C04F79EFBC}") = "CleanArchitecture.Application", "CleanArchitecture.Application\CleanArchitecture.Application.csproj", "{CCFBDD54-9197-4C3F-8FF2-7F6339D0A86E}"
EndProject
Global
	GlobalSection(SolutionConfigurationPlatforms) = preSolution
		Debug|Any CPU = Debug|Any CPU
		Release|Any CPU = Release|Any CPU
	EndGlobalSection
	GlobalSection(ProjectConfigurationPlatforms) = postSolution
		{F2D26CA3-AEB1-45E2-A4CD-F1A0A4712490}.Debug|Any CPU.ActiveCfg = Debug|Any CPU
		{F2D26CA3-AEB1-45E2-A4CD-F1A0A4712490}.Debug|Any CPU.Build.0 = Debug|Any CPU
		{F2D26CA3-AEB1-45E2-A4CD-F1A0A4712490}.Release|Any CPU.ActiveCfg = Release|Any CPU
		{F2D26CA3-AEB1-45E2-A4CD-F1A0A4712490}.Release|Any CPU.Build.0 = Release|Any CPU
		{B6E8A2AD-7D56-42F3-86C7-C78438D0A51F}.Debug|Any CPU.ActiveCfg = Debug|Any CPU
		{B6E8A2AD-7D56-42F3-86C7-C78438D0A51F}.Debug|Any CPU.Build.0 = Debug|Any CPU
		{B6E8A2AD-7D56-42F3-86C7-C78438D0A51F}.Release|Any CPU.ActiveCfg = Release|Any CPU
		{B6E8A2AD-7D56-42F3-86C7-C78438D0A51F}.Release|Any CPU.Build.0 = Release|Any CPU
		{2150641A-A2AF-4587-9FC6-402623BA1020}.Debug|Any CPU.ActiveCfg = Debug|Any CPU
		{2150641A-A2AF-4587-9FC6-402623BA1020}.Debug|Any CPU.Build.0 = Debug|Any CPU
		{2150641A-A2AF-4587-9FC6-402623BA1020}.Release|Any CPU.ActiveCfg = Release|Any CPU
		{2150641A-A2AF-4587-9FC6-402623BA1020}.Release|Any CPU.Build.0 = Release|Any CPU
		{CCFBDD54-9197-4C3F-8FF2-7F6339D0A86E}.Debug|Any CPU.ActiveCfg = Debug|Any CPU
		{CCFBDD54-9197-4C3F-8FF2-7F6339D0A86E}.Debug|Any CPU.Build.0 = Debug|Any CPU
		{CCFBDD54-9197-4C3F-8FF2-7F6339D0A86E}.Release|Any CPU.ActiveCfg = Release|Any CPU
		{CCFBDD54-9197-4C3F-8FF2-7F6339D0A86E}.Release|Any CPU.Build.0 = Release|Any CPU
	EndGlobalSection
	GlobalSection(SolutionProperties) = preSolution
		HideSolutionNode = FALSE
	EndGlobalSection
	GlobalSection(ExtensibilityGlobals) = postSolution
		SolutionGuid = {D9122D2B-5C99-44E5-BAEE-180F0D7462E1}
	EndGlobalSection
EndGlobal
